// !$*UTF8*$!
{
	archiveVersion = 1;
	classes = {
	};
	objectVersion = 56;
	objects = {

/* Begin PBXBuildFile section */
		F60ED9712B4E25940004171E /* EditRecordSheet.swift in Sources */ = {isa = PBXBuildFile; fileRef = F60ED9702B4E25940004171E /* EditRecordSheet.swift */; };
		F60ED9732B4FB6990004171E /* EditRecordsSheet.swift in Sources */ = {isa = PBXBuildFile; fileRef = F60ED9722B4FB6990004171E /* EditRecordsSheet.swift */; };
		F62685412B4B525A00CF661E /* TestView5.swift in Sources */ = {isa = PBXBuildFile; fileRef = F62685402B4B525A00CF661E /* TestView5.swift */; };
		F62685432B4B550300CF661E /* TestTabView.swift in Sources */ = {isa = PBXBuildFile; fileRef = F62685422B4B550200CF661E /* TestTabView.swift */; };
		F6292C1E2A0B1C8F0050C7E4 /* WorkoutDayView.swift in Sources */ = {isa = PBXBuildFile; fileRef = F6292C1D2A0B1C8F0050C7E4 /* WorkoutDayView.swift */; };
		F6292C212A0B1D020050C7E4 /* WorkoutTabView.swift in Sources */ = {isa = PBXBuildFile; fileRef = F6292C202A0B1D020050C7E4 /* WorkoutTabView.swift */; };
		F62FEDF92B5C77AA00E24756 /* TestView7.swift in Sources */ = {isa = PBXBuildFile; fileRef = F62FEDF82B5C77AA00E24756 /* TestView7.swift */; };
		F62FEDFB2B5C7E2800E24756 /* DailyScrum.swift in Sources */ = {isa = PBXBuildFile; fileRef = F62FEDFA2B5C7E2800E24756 /* DailyScrum.swift */; };
		F62FEDFD2B5C7EBE00E24756 /* Attendee.swift in Sources */ = {isa = PBXBuildFile; fileRef = F62FEDFC2B5C7EBE00E24756 /* Attendee.swift */; };
		F62FEDFF2B5C822A00E24756 /* ScrumsView.swift in Sources */ = {isa = PBXBuildFile; fileRef = F62FEDFE2B5C822A00E24756 /* ScrumsView.swift */; };
		F62FEE052B5C85C400E24756 /* NothingView.swift in Sources */ = {isa = PBXBuildFile; fileRef = F62FEE042B5C85C400E24756 /* NothingView.swift */; };
		F634A1DD2A1ED4C200742182 /* CardView.swift in Sources */ = {isa = PBXBuildFile; fileRef = F634A1DC2A1ED4C100742182 /* CardView.swift */; };
		F634A1DF2A20293500742182 /* MainChartView.swift in Sources */ = {isa = PBXBuildFile; fileRef = F634A1DE2A20293400742182 /* MainChartView.swift */; };
		F634A1E12A202C5700742182 /* Record.swift in Sources */ = {isa = PBXBuildFile; fileRef = F634A1E02A202C5700742182 /* Record.swift */; };
		F638282D2A41300E002209A6 /* SettingsView.swift in Sources */ = {isa = PBXBuildFile; fileRef = F638282C2A41300E002209A6 /* SettingsView.swift */; };
		F63A334D2A7C906600886BDC /* Launch Screen.storyboard in Resources */ = {isa = PBXBuildFile; fileRef = F63A334C2A7C906600886BDC /* Launch Screen.storyboard */; };
		F64D36002A60438500C872E7 /* Color.swift in Sources */ = {isa = PBXBuildFile; fileRef = F64D35FF2A60438500C872E7 /* Color.swift */; };
		F64D36022A60F7A700C872E7 /* TestView.swift in Sources */ = {isa = PBXBuildFile; fileRef = F64D36012A60F7A700C872E7 /* TestView.swift */; };
		F64D36042A6113CD00C872E7 /* Utils.swift in Sources */ = {isa = PBXBuildFile; fileRef = F64D36032A6113CD00C872E7 /* Utils.swift */; };
		F650F0B92A39771900F61A85 /* SetRecord.swift in Sources */ = {isa = PBXBuildFile; fileRef = F650F0B82A39771900F61A85 /* SetRecord.swift */; };
		F660B92D2A62F19D0061216D /* AboutView.swift in Sources */ = {isa = PBXBuildFile; fileRef = F660B92C2A62F19D0061216D /* AboutView.swift */; };
		F68866342A54F16A00590FCC /* WorkoutView.swift in Sources */ = {isa = PBXBuildFile; fileRef = F68866332A54F16A00590FCC /* WorkoutView.swift */; };
		F68866362A5784B700590FCC /* WorkoutChartView.swift in Sources */ = {isa = PBXBuildFile; fileRef = F68866352A5784B700590FCC /* WorkoutChartView.swift */; };
		F68866392A57C28200590FCC /* WorkoutDayChartView.swift in Sources */ = {isa = PBXBuildFile; fileRef = F68866382A57C28200590FCC /* WorkoutDayChartView.swift */; };
		F688663B2A58487F00590FCC /* WorkoutLogView.swift in Sources */ = {isa = PBXBuildFile; fileRef = F688663A2A58487E00590FCC /* WorkoutLogView.swift */; };
		F690991C2A9AB4BC00D7517A /* NewWorkoutDaySheet.swift in Sources */ = {isa = PBXBuildFile; fileRef = F690991B2A9AB4BC00D7517A /* NewWorkoutDaySheet.swift */; };
		F691F24D2B45289900E5D29F /* NewWorkoutSheet.swift in Sources */ = {isa = PBXBuildFile; fileRef = F691F24C2B45289800E5D29F /* NewWorkoutSheet.swift */; };
		F6B329E62B5A092F001249F8 /* TestView6.swift in Sources */ = {isa = PBXBuildFile; fileRef = F6B329E52B5A092E001249F8 /* TestView6.swift */; };
		F6B9CA0E2B4A7E1000E7B534 /* TestView2.swift in Sources */ = {isa = PBXBuildFile; fileRef = F6B9CA0D2B4A7E1000E7B534 /* TestView2.swift */; };
		F6B9CA102B4AC08100E7B534 /* TestView3.swift in Sources */ = {isa = PBXBuildFile; fileRef = F6B9CA0F2B4AC08100E7B534 /* TestView3.swift */; };
		F6B9CA122B4AC3D300E7B534 /* StreaksView.swift in Sources */ = {isa = PBXBuildFile; fileRef = F6B9CA112B4AC3D300E7B534 /* StreaksView.swift */; };
		F6B9CA142B4ACE2E00E7B534 /* TestView4.swift in Sources */ = {isa = PBXBuildFile; fileRef = F6B9CA132B4ACE2E00E7B534 /* TestView4.swift */; };
		F6B9DB732A5A176C007F7F11 /* Binding.swift in Sources */ = {isa = PBXBuildFile; fileRef = F6B9DB722A5A176C007F7F11 /* Binding.swift */; };
		F6CB87D82AA01C5500E4CF6E /* DataStore.swift in Sources */ = {isa = PBXBuildFile; fileRef = F6CB87D72AA01C5500E4CF6E /* DataStore.swift */; };
		F6E729732A3DF36500C8C09D /* Date.swift in Sources */ = {isa = PBXBuildFile; fileRef = F6E729722A3DF36500C8C09D /* Date.swift */; };
		F6FED62E2A048015001F3B8C /* JymApp.swift in Sources */ = {isa = PBXBuildFile; fileRef = F6FED62D2A048015001F3B8C /* JymApp.swift */; };
		F6FED6302A048015001F3B8C /* ContentView.swift in Sources */ = {isa = PBXBuildFile; fileRef = F6FED62F2A048015001F3B8C /* ContentView.swift */; };
		F6FED6322A04801C001F3B8C /* Assets.xcassets in Resources */ = {isa = PBXBuildFile; fileRef = F6FED6312A04801C001F3B8C /* Assets.xcassets */; };
		F6FED6352A04801C001F3B8C /* Preview Assets.xcassets in Resources */ = {isa = PBXBuildFile; fileRef = F6FED6342A04801C001F3B8C /* Preview Assets.xcassets */; };
		F6FED6372A04801C001F3B8C /* Persistence.swift in Sources */ = {isa = PBXBuildFile; fileRef = F6FED6362A04801C001F3B8C /* Persistence.swift */; };
		F6FED63A2A04801C001F3B8C /* Jym.xcdatamodeld in Sources */ = {isa = PBXBuildFile; fileRef = F6FED6382A04801C001F3B8C /* Jym.xcdatamodeld */; };
		F6FED6442A04801C001F3B8C /* JymTests.swift in Sources */ = {isa = PBXBuildFile; fileRef = F6FED6432A04801C001F3B8C /* JymTests.swift */; };
		F6FED64E2A04801C001F3B8C /* JymUITests.swift in Sources */ = {isa = PBXBuildFile; fileRef = F6FED64D2A04801C001F3B8C /* JymUITests.swift */; };
		F6FED6502A04801C001F3B8C /* JymUITestsLaunchTests.swift in Sources */ = {isa = PBXBuildFile; fileRef = F6FED64F2A04801C001F3B8C /* JymUITestsLaunchTests.swift */; };
		F6FED65F2A048427001F3B8C /* WorkoutDaysView.swift in Sources */ = {isa = PBXBuildFile; fileRef = F6FED65E2A048427001F3B8C /* WorkoutDaysView.swift */; };
		F6FED6612A04868A001F3B8C /* WorkoutDay.swift in Sources */ = {isa = PBXBuildFile; fileRef = F6FED6602A04868A001F3B8C /* WorkoutDay.swift */; };
		F6FED6632A0486BD001F3B8C /* Workout.swift in Sources */ = {isa = PBXBuildFile; fileRef = F6FED6622A0486BD001F3B8C /* Workout.swift */; };
/* End PBXBuildFile section */

/* Begin PBXContainerItemProxy section */
		F6FED6402A04801C001F3B8C /* PBXContainerItemProxy */ = {
			isa = PBXContainerItemProxy;
			containerPortal = F6FED6222A048015001F3B8C /* Project object */;
			proxyType = 1;
			remoteGlobalIDString = F6FED6292A048015001F3B8C;
			remoteInfo = Jym;
		};
		F6FED64A2A04801C001F3B8C /* PBXContainerItemProxy */ = {
			isa = PBXContainerItemProxy;
			containerPortal = F6FED6222A048015001F3B8C /* Project object */;
			proxyType = 1;
			remoteGlobalIDString = F6FED6292A048015001F3B8C;
			remoteInfo = Jym;
		};
/* End PBXContainerItemProxy section */

/* Begin PBXFileReference section */
		F60ED9702B4E25940004171E /* EditRecordSheet.swift */ = {isa = PBXFileReference; lastKnownFileType = sourcecode.swift; path = EditRecordSheet.swift; sourceTree = "<group>"; };
		F60ED9722B4FB6990004171E /* EditRecordsSheet.swift */ = {isa = PBXFileReference; lastKnownFileType = sourcecode.swift; path = EditRecordsSheet.swift; sourceTree = "<group>"; };
		F62685402B4B525A00CF661E /* TestView5.swift */ = {isa = PBXFileReference; lastKnownFileType = sourcecode.swift; path = TestView5.swift; sourceTree = "<group>"; };
		F62685422B4B550200CF661E /* TestTabView.swift */ = {isa = PBXFileReference; lastKnownFileType = sourcecode.swift; path = TestTabView.swift; sourceTree = "<group>"; };
		F6292C1D2A0B1C8F0050C7E4 /* WorkoutDayView.swift */ = {isa = PBXFileReference; lastKnownFileType = sourcecode.swift; path = WorkoutDayView.swift; sourceTree = "<group>"; };
		F6292C202A0B1D020050C7E4 /* WorkoutTabView.swift */ = {isa = PBXFileReference; lastKnownFileType = sourcecode.swift; path = WorkoutTabView.swift; sourceTree = "<group>"; };
		F62FEDF82B5C77AA00E24756 /* TestView7.swift */ = {isa = PBXFileReference; lastKnownFileType = sourcecode.swift; path = TestView7.swift; sourceTree = "<group>"; };
		F62FEDFA2B5C7E2800E24756 /* DailyScrum.swift */ = {isa = PBXFileReference; lastKnownFileType = sourcecode.swift; path = DailyScrum.swift; sourceTree = "<group>"; };
		F62FEDFC2B5C7EBE00E24756 /* Attendee.swift */ = {isa = PBXFileReference; lastKnownFileType = sourcecode.swift; path = Attendee.swift; sourceTree = "<group>"; };
		F62FEDFE2B5C822A00E24756 /* ScrumsView.swift */ = {isa = PBXFileReference; lastKnownFileType = sourcecode.swift; path = ScrumsView.swift; sourceTree = "<group>"; };
		F62FEE042B5C85C400E24756 /* NothingView.swift */ = {isa = PBXFileReference; lastKnownFileType = sourcecode.swift; path = NothingView.swift; sourceTree = "<group>"; };
		F62FEE082B5DC40B00E24756 /* Info.plist */ = {isa = PBXFileReference; lastKnownFileType = text.plist; path = Info.plist; sourceTree = "<group>"; };
		F634A1DC2A1ED4C100742182 /* CardView.swift */ = {isa = PBXFileReference; lastKnownFileType = sourcecode.swift; path = CardView.swift; sourceTree = "<group>"; };
		F634A1DE2A20293400742182 /* MainChartView.swift */ = {isa = PBXFileReference; lastKnownFileType = sourcecode.swift; path = MainChartView.swift; sourceTree = "<group>"; };
		F634A1E02A202C5700742182 /* Record.swift */ = {isa = PBXFileReference; lastKnownFileType = sourcecode.swift; path = Record.swift; sourceTree = "<group>"; };
		F638282C2A41300E002209A6 /* SettingsView.swift */ = {isa = PBXFileReference; lastKnownFileType = sourcecode.swift; path = SettingsView.swift; sourceTree = "<group>"; };
		F63A334C2A7C906600886BDC /* Launch Screen.storyboard */ = {isa = PBXFileReference; lastKnownFileType = file.storyboard; path = "Launch Screen.storyboard"; sourceTree = "<group>"; };
		F64D35FF2A60438500C872E7 /* Color.swift */ = {isa = PBXFileReference; lastKnownFileType = sourcecode.swift; path = Color.swift; sourceTree = "<group>"; };
		F64D36012A60F7A700C872E7 /* TestView.swift */ = {isa = PBXFileReference; lastKnownFileType = sourcecode.swift; path = TestView.swift; sourceTree = "<group>"; };
		F64D36032A6113CD00C872E7 /* Utils.swift */ = {isa = PBXFileReference; lastKnownFileType = sourcecode.swift; path = Utils.swift; sourceTree = "<group>"; };
		F650F0B82A39771900F61A85 /* SetRecord.swift */ = {isa = PBXFileReference; lastKnownFileType = sourcecode.swift; path = SetRecord.swift; sourceTree = "<group>"; };
		F660B92C2A62F19D0061216D /* AboutView.swift */ = {isa = PBXFileReference; lastKnownFileType = sourcecode.swift; path = AboutView.swift; sourceTree = "<group>"; };
		F68866332A54F16A00590FCC /* WorkoutView.swift */ = {isa = PBXFileReference; lastKnownFileType = sourcecode.swift; path = WorkoutView.swift; sourceTree = "<group>"; };
		F68866352A5784B700590FCC /* WorkoutChartView.swift */ = {isa = PBXFileReference; lastKnownFileType = sourcecode.swift; path = WorkoutChartView.swift; sourceTree = "<group>"; };
		F68866382A57C28200590FCC /* WorkoutDayChartView.swift */ = {isa = PBXFileReference; fileEncoding = 4; lastKnownFileType = sourcecode.swift; path = WorkoutDayChartView.swift; sourceTree = "<group>"; };
		F688663A2A58487E00590FCC /* WorkoutLogView.swift */ = {isa = PBXFileReference; lastKnownFileType = sourcecode.swift; path = WorkoutLogView.swift; sourceTree = "<group>"; };
		F690991B2A9AB4BC00D7517A /* NewWorkoutDaySheet.swift */ = {isa = PBXFileReference; lastKnownFileType = sourcecode.swift; path = NewWorkoutDaySheet.swift; sourceTree = "<group>"; };
		F691F24C2B45289800E5D29F /* NewWorkoutSheet.swift */ = {isa = PBXFileReference; lastKnownFileType = sourcecode.swift; path = NewWorkoutSheet.swift; sourceTree = "<group>"; };
		F6B329E52B5A092E001249F8 /* TestView6.swift */ = {isa = PBXFileReference; lastKnownFileType = sourcecode.swift; path = TestView6.swift; sourceTree = "<group>"; };
		F6B9CA0D2B4A7E1000E7B534 /* TestView2.swift */ = {isa = PBXFileReference; lastKnownFileType = sourcecode.swift; path = TestView2.swift; sourceTree = "<group>"; };
		F6B9CA0F2B4AC08100E7B534 /* TestView3.swift */ = {isa = PBXFileReference; lastKnownFileType = sourcecode.swift; path = TestView3.swift; sourceTree = "<group>"; };
		F6B9CA112B4AC3D300E7B534 /* StreaksView.swift */ = {isa = PBXFileReference; lastKnownFileType = sourcecode.swift; path = StreaksView.swift; sourceTree = "<group>"; };
		F6B9CA132B4ACE2E00E7B534 /* TestView4.swift */ = {isa = PBXFileReference; lastKnownFileType = sourcecode.swift; path = TestView4.swift; sourceTree = "<group>"; };
		F6B9DB722A5A176C007F7F11 /* Binding.swift */ = {isa = PBXFileReference; lastKnownFileType = sourcecode.swift; path = Binding.swift; sourceTree = "<group>"; };
		F6CB87D72AA01C5500E4CF6E /* DataStore.swift */ = {isa = PBXFileReference; lastKnownFileType = sourcecode.swift; path = DataStore.swift; sourceTree = "<group>"; };
		F6E729722A3DF36500C8C09D /* Date.swift */ = {isa = PBXFileReference; lastKnownFileType = sourcecode.swift; path = Date.swift; sourceTree = "<group>"; };
		F6FED62A2A048015001F3B8C /* Jym.app */ = {isa = PBXFileReference; explicitFileType = wrapper.application; includeInIndex = 0; path = Jym.app; sourceTree = BUILT_PRODUCTS_DIR; };
		F6FED62D2A048015001F3B8C /* JymApp.swift */ = {isa = PBXFileReference; lastKnownFileType = sourcecode.swift; path = JymApp.swift; sourceTree = "<group>"; };
		F6FED62F2A048015001F3B8C /* ContentView.swift */ = {isa = PBXFileReference; lastKnownFileType = sourcecode.swift; path = ContentView.swift; sourceTree = "<group>"; };
		F6FED6312A04801C001F3B8C /* Assets.xcassets */ = {isa = PBXFileReference; lastKnownFileType = folder.assetcatalog; path = Assets.xcassets; sourceTree = "<group>"; };
		F6FED6342A04801C001F3B8C /* Preview Assets.xcassets */ = {isa = PBXFileReference; lastKnownFileType = folder.assetcatalog; path = "Preview Assets.xcassets"; sourceTree = "<group>"; };
		F6FED6362A04801C001F3B8C /* Persistence.swift */ = {isa = PBXFileReference; lastKnownFileType = sourcecode.swift; path = Persistence.swift; sourceTree = "<group>"; };
		F6FED6392A04801C001F3B8C /* Jym.xcdatamodel */ = {isa = PBXFileReference; lastKnownFileType = wrapper.xcdatamodel; path = Jym.xcdatamodel; sourceTree = "<group>"; };
		F6FED63F2A04801C001F3B8C /* JymTests.xctest */ = {isa = PBXFileReference; explicitFileType = wrapper.cfbundle; includeInIndex = 0; path = JymTests.xctest; sourceTree = BUILT_PRODUCTS_DIR; };
		F6FED6432A04801C001F3B8C /* JymTests.swift */ = {isa = PBXFileReference; lastKnownFileType = sourcecode.swift; path = JymTests.swift; sourceTree = "<group>"; };
		F6FED6492A04801C001F3B8C /* JymUITests.xctest */ = {isa = PBXFileReference; explicitFileType = wrapper.cfbundle; includeInIndex = 0; path = JymUITests.xctest; sourceTree = BUILT_PRODUCTS_DIR; };
		F6FED64D2A04801C001F3B8C /* JymUITests.swift */ = {isa = PBXFileReference; lastKnownFileType = sourcecode.swift; path = JymUITests.swift; sourceTree = "<group>"; };
		F6FED64F2A04801C001F3B8C /* JymUITestsLaunchTests.swift */ = {isa = PBXFileReference; lastKnownFileType = sourcecode.swift; path = JymUITestsLaunchTests.swift; sourceTree = "<group>"; };
		F6FED65E2A048427001F3B8C /* WorkoutDaysView.swift */ = {isa = PBXFileReference; lastKnownFileType = sourcecode.swift; path = WorkoutDaysView.swift; sourceTree = "<group>"; };
		F6FED6602A04868A001F3B8C /* WorkoutDay.swift */ = {isa = PBXFileReference; lastKnownFileType = sourcecode.swift; path = WorkoutDay.swift; sourceTree = "<group>"; };
		F6FED6622A0486BD001F3B8C /* Workout.swift */ = {isa = PBXFileReference; lastKnownFileType = sourcecode.swift; path = Workout.swift; sourceTree = "<group>"; };
/* End PBXFileReference section */

/* Begin PBXFrameworksBuildPhase section */
		F6FED6272A048015001F3B8C /* Frameworks */ = {
			isa = PBXFrameworksBuildPhase;
			buildActionMask = 2147483647;
			files = (
			);
			runOnlyForDeploymentPostprocessing = 0;
		};
		F6FED63C2A04801C001F3B8C /* Frameworks */ = {
			isa = PBXFrameworksBuildPhase;
			buildActionMask = 2147483647;
			files = (
			);
			runOnlyForDeploymentPostprocessing = 0;
		};
		F6FED6462A04801C001F3B8C /* Frameworks */ = {
			isa = PBXFrameworksBuildPhase;
			buildActionMask = 2147483647;
			files = (
			);
			runOnlyForDeploymentPostprocessing = 0;
		};
/* End PBXFrameworksBuildPhase section */

/* Begin PBXGroup section */
		F6292C1F2A0B1CA60050C7E4 /* Models */ = {
			isa = PBXGroup;
			children = (
				F64D36032A6113CD00C872E7 /* Utils.swift */,
				F6FED6602A04868A001F3B8C /* WorkoutDay.swift */,
				F6FED6622A0486BD001F3B8C /* Workout.swift */,
				F634A1E02A202C5700742182 /* Record.swift */,
				F650F0B82A39771900F61A85 /* SetRecord.swift */,
				F62FEDFA2B5C7E2800E24756 /* DailyScrum.swift */,
				F62FEDFC2B5C7EBE00E24756 /* Attendee.swift */,
			);
			path = Models;
			sourceTree = "<group>";
		};
		F64D35FE2A60434A00C872E7 /* Extensions */ = {
			isa = PBXGroup;
			children = (
				F64D35FF2A60438500C872E7 /* Color.swift */,
				F6E729722A3DF36500C8C09D /* Date.swift */,
				F6B9DB722A5A176C007F7F11 /* Binding.swift */,
			);
			path = Extensions;
			sourceTree = "<group>";
		};
		F68866372A57BFDB00590FCC /* Subviews */ = {
			isa = PBXGroup;
			children = (
				F68866352A5784B700590FCC /* WorkoutChartView.swift */,
				F634A1DC2A1ED4C100742182 /* CardView.swift */,
				F6B9CA112B4AC3D300E7B534 /* StreaksView.swift */,
			);
			path = Subviews;
			sourceTree = "<group>";
		};
		F688663C2A58499D00590FCC /* Workouts Tab */ = {
			isa = PBXGroup;
			children = (
				F6FED65E2A048427001F3B8C /* WorkoutDaysView.swift */,
				F6292C1D2A0B1C8F0050C7E4 /* WorkoutDayView.swift */,
				F68866332A54F16A00590FCC /* WorkoutView.swift */,
				F688663A2A58487E00590FCC /* WorkoutLogView.swift */,
				F690991B2A9AB4BC00D7517A /* NewWorkoutDaySheet.swift */,
				F691F24C2B45289800E5D29F /* NewWorkoutSheet.swift */,
				F60ED9722B4FB6990004171E /* EditRecordsSheet.swift */,
				F60ED9702B4E25940004171E /* EditRecordSheet.swift */,
			);
			path = "Workouts Tab";
			sourceTree = "<group>";
		};
		F688663D2A5849E200590FCC /* Settings Tab */ = {
			isa = PBXGroup;
			children = (
				F638282C2A41300E002209A6 /* SettingsView.swift */,
				F660B92C2A62F19D0061216D /* AboutView.swift */,
			);
			path = "Settings Tab";
			sourceTree = "<group>";
		};
		F688663E2A584A0100590FCC /* Charts Tab */ = {
			isa = PBXGroup;
			children = (
				F634A1DE2A20293400742182 /* MainChartView.swift */,
				F68866382A57C28200590FCC /* WorkoutDayChartView.swift */,
			);
			path = "Charts Tab";
			sourceTree = "<group>";
		};
		F6FED6212A048015001F3B8C = {
			isa = PBXGroup;
			children = (
				F6FED62C2A048015001F3B8C /* Jym */,
				F6FED6422A04801C001F3B8C /* JymTests */,
				F6FED64C2A04801C001F3B8C /* JymUITests */,
				F6FED62B2A048015001F3B8C /* Products */,
			);
			sourceTree = "<group>";
		};
		F6FED62B2A048015001F3B8C /* Products */ = {
			isa = PBXGroup;
			children = (
				F6FED62A2A048015001F3B8C /* Jym.app */,
				F6FED63F2A04801C001F3B8C /* JymTests.xctest */,
				F6FED6492A04801C001F3B8C /* JymUITests.xctest */,
			);
			name = Products;
			sourceTree = "<group>";
		};
		F6FED62C2A048015001F3B8C /* Jym */ = {
			isa = PBXGroup;
			children = (
				F62FEE082B5DC40B00E24756 /* Info.plist */,
				F6FED62D2A048015001F3B8C /* JymApp.swift */,
				F6FED62F2A048015001F3B8C /* ContentView.swift */,
				F64D36012A60F7A700C872E7 /* TestView.swift */,
				F6B9CA0D2B4A7E1000E7B534 /* TestView2.swift */,
				F6B9CA0F2B4AC08100E7B534 /* TestView3.swift */,
				F6B9CA132B4ACE2E00E7B534 /* TestView4.swift */,
				F62685402B4B525A00CF661E /* TestView5.swift */,
				F6B329E52B5A092E001249F8 /* TestView6.swift */,
				F62685422B4B550200CF661E /* TestTabView.swift */,
				F62FEDF82B5C77AA00E24756 /* TestView7.swift */,
				F62FEE042B5C85C400E24756 /* NothingView.swift */,
				F62FEDFE2B5C822A00E24756 /* ScrumsView.swift */,
				F6292C202A0B1D020050C7E4 /* WorkoutTabView.swift */,
				F6CB87D72AA01C5500E4CF6E /* DataStore.swift */,
				F688663C2A58499D00590FCC /* Workouts Tab */,
				F688663E2A584A0100590FCC /* Charts Tab */,
				F688663D2A5849E200590FCC /* Settings Tab */,
				F68866372A57BFDB00590FCC /* Subviews */,
				F6292C1F2A0B1CA60050C7E4 /* Models */,
				F64D35FE2A60434A00C872E7 /* Extensions */,
				F6FED6312A04801C001F3B8C /* Assets.xcassets */,
				F63A334C2A7C906600886BDC /* Launch Screen.storyboard */,
				F6FED6362A04801C001F3B8C /* Persistence.swift */,
				F6FED6382A04801C001F3B8C /* Jym.xcdatamodeld */,
				F6FED6332A04801C001F3B8C /* Preview Content */,
			);
			path = Jym;
			sourceTree = "<group>";
		};
		F6FED6332A04801C001F3B8C /* Preview Content */ = {
			isa = PBXGroup;
			children = (
				F6FED6342A04801C001F3B8C /* Preview Assets.xcassets */,
			);
			path = "Preview Content";
			sourceTree = "<group>";
		};
		F6FED6422A04801C001F3B8C /* JymTests */ = {
			isa = PBXGroup;
			children = (
				F6FED6432A04801C001F3B8C /* JymTests.swift */,
			);
			path = JymTests;
			sourceTree = "<group>";
		};
		F6FED64C2A04801C001F3B8C /* JymUITests */ = {
			isa = PBXGroup;
			children = (
				F6FED64D2A04801C001F3B8C /* JymUITests.swift */,
				F6FED64F2A04801C001F3B8C /* JymUITestsLaunchTests.swift */,
			);
			path = JymUITests;
			sourceTree = "<group>";
		};
/* End PBXGroup section */

/* Begin PBXNativeTarget section */
		F6FED6292A048015001F3B8C /* Jym */ = {
			isa = PBXNativeTarget;
			buildConfigurationList = F6FED6532A04801C001F3B8C /* Build configuration list for PBXNativeTarget "Jym" */;
			buildPhases = (
				F6FED6262A048015001F3B8C /* Sources */,
				F6FED6272A048015001F3B8C /* Frameworks */,
				F6FED6282A048015001F3B8C /* Resources */,
			);
			buildRules = (
			);
			dependencies = (
			);
			name = Jym;
			productName = Jym;
			productReference = F6FED62A2A048015001F3B8C /* Jym.app */;
			productType = "com.apple.product-type.application";
		};
		F6FED63E2A04801C001F3B8C /* JymTests */ = {
			isa = PBXNativeTarget;
			buildConfigurationList = F6FED6562A04801C001F3B8C /* Build configuration list for PBXNativeTarget "JymTests" */;
			buildPhases = (
				F6FED63B2A04801C001F3B8C /* Sources */,
				F6FED63C2A04801C001F3B8C /* Frameworks */,
				F6FED63D2A04801C001F3B8C /* Resources */,
			);
			buildRules = (
			);
			dependencies = (
				F6FED6412A04801C001F3B8C /* PBXTargetDependency */,
			);
			name = JymTests;
			productName = JymTests;
			productReference = F6FED63F2A04801C001F3B8C /* JymTests.xctest */;
			productType = "com.apple.product-type.bundle.unit-test";
		};
		F6FED6482A04801C001F3B8C /* JymUITests */ = {
			isa = PBXNativeTarget;
			buildConfigurationList = F6FED6592A04801C001F3B8C /* Build configuration list for PBXNativeTarget "JymUITests" */;
			buildPhases = (
				F6FED6452A04801C001F3B8C /* Sources */,
				F6FED6462A04801C001F3B8C /* Frameworks */,
				F6FED6472A04801C001F3B8C /* Resources */,
			);
			buildRules = (
			);
			dependencies = (
				F6FED64B2A04801C001F3B8C /* PBXTargetDependency */,
			);
			name = JymUITests;
			productName = JymUITests;
			productReference = F6FED6492A04801C001F3B8C /* JymUITests.xctest */;
			productType = "com.apple.product-type.bundle.ui-testing";
		};
/* End PBXNativeTarget section */

/* Begin PBXProject section */
		F6FED6222A048015001F3B8C /* Project object */ = {
			isa = PBXProject;
			attributes = {
				BuildIndependentTargetsInParallel = 1;
				LastSwiftUpdateCheck = 1430;
				LastUpgradeCheck = 1430;
				TargetAttributes = {
					F6FED6292A048015001F3B8C = {
						CreatedOnToolsVersion = 14.3;
					};
					F6FED63E2A04801C001F3B8C = {
						CreatedOnToolsVersion = 14.3;
						TestTargetID = F6FED6292A048015001F3B8C;
					};
					F6FED6482A04801C001F3B8C = {
						CreatedOnToolsVersion = 14.3;
						TestTargetID = F6FED6292A048015001F3B8C;
					};
				};
			};
			buildConfigurationList = F6FED6252A048015001F3B8C /* Build configuration list for PBXProject "Jym" */;
			compatibilityVersion = "Xcode 14.0";
			developmentRegion = en;
			hasScannedForEncodings = 0;
			knownRegions = (
				en,
				Base,
			);
			mainGroup = F6FED6212A048015001F3B8C;
			productRefGroup = F6FED62B2A048015001F3B8C /* Products */;
			projectDirPath = "";
			projectRoot = "";
			targets = (
				F6FED6292A048015001F3B8C /* Jym */,
				F6FED63E2A04801C001F3B8C /* JymTests */,
				F6FED6482A04801C001F3B8C /* JymUITests */,
			);
		};
/* End PBXProject section */

/* Begin PBXResourcesBuildPhase section */
		F6FED6282A048015001F3B8C /* Resources */ = {
			isa = PBXResourcesBuildPhase;
			buildActionMask = 2147483647;
			files = (
				F63A334D2A7C906600886BDC /* Launch Screen.storyboard in Resources */,
				F6FED6352A04801C001F3B8C /* Preview Assets.xcassets in Resources */,
				F6FED6322A04801C001F3B8C /* Assets.xcassets in Resources */,
			);
			runOnlyForDeploymentPostprocessing = 0;
		};
		F6FED63D2A04801C001F3B8C /* Resources */ = {
			isa = PBXResourcesBuildPhase;
			buildActionMask = 2147483647;
			files = (
			);
			runOnlyForDeploymentPostprocessing = 0;
		};
		F6FED6472A04801C001F3B8C /* Resources */ = {
			isa = PBXResourcesBuildPhase;
			buildActionMask = 2147483647;
			files = (
			);
			runOnlyForDeploymentPostprocessing = 0;
		};
/* End PBXResourcesBuildPhase section */

/* Begin PBXSourcesBuildPhase section */
		F6FED6262A048015001F3B8C /* Sources */ = {
			isa = PBXSourcesBuildPhase;
			buildActionMask = 2147483647;
			files = (
				F6FED65F2A048427001F3B8C /* WorkoutDaysView.swift in Sources */,
				F6E729732A3DF36500C8C09D /* Date.swift in Sources */,
				F6B9CA102B4AC08100E7B534 /* TestView3.swift in Sources */,
				F62FEDFF2B5C822A00E24756 /* ScrumsView.swift in Sources */,
				F6B329E62B5A092F001249F8 /* TestView6.swift in Sources */,
				F64D36022A60F7A700C872E7 /* TestView.swift in Sources */,
				F64D36002A60438500C872E7 /* Color.swift in Sources */,
				F60ED9732B4FB6990004171E /* EditRecordsSheet.swift in Sources */,
				F6FED63A2A04801C001F3B8C /* Jym.xcdatamodeld in Sources */,
				F62FEE052B5C85C400E24756 /* NothingView.swift in Sources */,
				F6B9CA122B4AC3D300E7B534 /* StreaksView.swift in Sources */,
				F62FEDFD2B5C7EBE00E24756 /* Attendee.swift in Sources */,
				F68866342A54F16A00590FCC /* WorkoutView.swift in Sources */,
				F68866392A57C28200590FCC /* WorkoutDayChartView.swift in Sources */,
				F62FEDF92B5C77AA00E24756 /* TestView7.swift in Sources */,
				F688663B2A58487F00590FCC /* WorkoutLogView.swift in Sources */,
				F634A1E12A202C5700742182 /* Record.swift in Sources */,
				F638282D2A41300E002209A6 /* SettingsView.swift in Sources */,
				F6292C1E2A0B1C8F0050C7E4 /* WorkoutDayView.swift in Sources */,
				F6B9CA0E2B4A7E1000E7B534 /* TestView2.swift in Sources */,
				F691F24D2B45289900E5D29F /* NewWorkoutSheet.swift in Sources */,
				F6FED6632A0486BD001F3B8C /* Workout.swift in Sources */,
				F634A1DD2A1ED4C200742182 /* CardView.swift in Sources */,
				F6CB87D82AA01C5500E4CF6E /* DataStore.swift in Sources */,
				F62685432B4B550300CF661E /* TestTabView.swift in Sources */,
				F68866362A5784B700590FCC /* WorkoutChartView.swift in Sources */,
				F6FED6612A04868A001F3B8C /* WorkoutDay.swift in Sources */,
				F64D36042A6113CD00C872E7 /* Utils.swift in Sources */,
				F660B92D2A62F19D0061216D /* AboutView.swift in Sources */,
				F6FED6372A04801C001F3B8C /* Persistence.swift in Sources */,
				F634A1DF2A20293500742182 /* MainChartView.swift in Sources */,
				F6FED6302A048015001F3B8C /* ContentView.swift in Sources */,
				F6B9CA142B4ACE2E00E7B534 /* TestView4.swift in Sources */,
				F62685412B4B525A00CF661E /* TestView5.swift in Sources */,
				F6FED62E2A048015001F3B8C /* JymApp.swift in Sources */,
				F650F0B92A39771900F61A85 /* SetRecord.swift in Sources */,
				F6292C212A0B1D020050C7E4 /* WorkoutTabView.swift in Sources */,
				F6B9DB732A5A176C007F7F11 /* Binding.swift in Sources */,
				F690991C2A9AB4BC00D7517A /* NewWorkoutDaySheet.swift in Sources */,
				F62FEDFB2B5C7E2800E24756 /* DailyScrum.swift in Sources */,
				F60ED9712B4E25940004171E /* EditRecordSheet.swift in Sources */,
			);
			runOnlyForDeploymentPostprocessing = 0;
		};
		F6FED63B2A04801C001F3B8C /* Sources */ = {
			isa = PBXSourcesBuildPhase;
			buildActionMask = 2147483647;
			files = (
				F6FED6442A04801C001F3B8C /* JymTests.swift in Sources */,
			);
			runOnlyForDeploymentPostprocessing = 0;
		};
		F6FED6452A04801C001F3B8C /* Sources */ = {
			isa = PBXSourcesBuildPhase;
			buildActionMask = 2147483647;
			files = (
				F6FED64E2A04801C001F3B8C /* JymUITests.swift in Sources */,
				F6FED6502A04801C001F3B8C /* JymUITestsLaunchTests.swift in Sources */,
			);
			runOnlyForDeploymentPostprocessing = 0;
		};
/* End PBXSourcesBuildPhase section */

/* Begin PBXTargetDependency section */
		F6FED6412A04801C001F3B8C /* PBXTargetDependency */ = {
			isa = PBXTargetDependency;
			target = F6FED6292A048015001F3B8C /* Jym */;
			targetProxy = F6FED6402A04801C001F3B8C /* PBXContainerItemProxy */;
		};
		F6FED64B2A04801C001F3B8C /* PBXTargetDependency */ = {
			isa = PBXTargetDependency;
			target = F6FED6292A048015001F3B8C /* Jym */;
			targetProxy = F6FED64A2A04801C001F3B8C /* PBXContainerItemProxy */;
		};
/* End PBXTargetDependency section */

/* Begin XCBuildConfiguration section */
		F6FED6512A04801C001F3B8C /* Debug */ = {
			isa = XCBuildConfiguration;
			buildSettings = {
				ALWAYS_SEARCH_USER_PATHS = NO;
				CLANG_ANALYZER_NONNULL = YES;
				CLANG_ANALYZER_NUMBER_OBJECT_CONVERSION = YES_AGGRESSIVE;
				CLANG_CXX_LANGUAGE_STANDARD = "gnu++20";
				CLANG_ENABLE_MODULES = YES;
				CLANG_ENABLE_OBJC_ARC = YES;
				CLANG_ENABLE_OBJC_WEAK = YES;
				CLANG_WARN_BLOCK_CAPTURE_AUTORELEASING = YES;
				CLANG_WARN_BOOL_CONVERSION = YES;
				CLANG_WARN_COMMA = YES;
				CLANG_WARN_CONSTANT_CONVERSION = YES;
				CLANG_WARN_DEPRECATED_OBJC_IMPLEMENTATIONS = YES;
				CLANG_WARN_DIRECT_OBJC_ISA_USAGE = YES_ERROR;
				CLANG_WARN_DOCUMENTATION_COMMENTS = YES;
				CLANG_WARN_EMPTY_BODY = YES;
				CLANG_WARN_ENUM_CONVERSION = YES;
				CLANG_WARN_INFINITE_RECURSION = YES;
				CLANG_WARN_INT_CONVERSION = YES;
				CLANG_WARN_NON_LITERAL_NULL_CONVERSION = YES;
				CLANG_WARN_OBJC_IMPLICIT_RETAIN_SELF = YES;
				CLANG_WARN_OBJC_LITERAL_CONVERSION = YES;
				CLANG_WARN_OBJC_ROOT_CLASS = YES_ERROR;
				CLANG_WARN_QUOTED_INCLUDE_IN_FRAMEWORK_HEADER = YES;
				CLANG_WARN_RANGE_LOOP_ANALYSIS = YES;
				CLANG_WARN_STRICT_PROTOTYPES = YES;
				CLANG_WARN_SUSPICIOUS_MOVE = YES;
				CLANG_WARN_UNGUARDED_AVAILABILITY = YES_AGGRESSIVE;
				CLANG_WARN_UNREACHABLE_CODE = YES;
				CLANG_WARN__DUPLICATE_METHOD_MATCH = YES;
				COPY_PHASE_STRIP = NO;
				DEBUG_INFORMATION_FORMAT = dwarf;
				ENABLE_STRICT_OBJC_MSGSEND = YES;
				ENABLE_TESTABILITY = YES;
				GCC_C_LANGUAGE_STANDARD = gnu11;
				GCC_DYNAMIC_NO_PIC = NO;
				GCC_NO_COMMON_BLOCKS = YES;
				GCC_OPTIMIZATION_LEVEL = 0;
				GCC_PREPROCESSOR_DEFINITIONS = (
					"DEBUG=1",
					"$(inherited)",
				);
				GCC_WARN_64_TO_32_BIT_CONVERSION = YES;
				GCC_WARN_ABOUT_RETURN_TYPE = YES_ERROR;
				GCC_WARN_UNDECLARED_SELECTOR = YES;
				GCC_WARN_UNINITIALIZED_AUTOS = YES_AGGRESSIVE;
				GCC_WARN_UNUSED_FUNCTION = YES;
				GCC_WARN_UNUSED_VARIABLE = YES;
				MTL_ENABLE_DEBUG_INFO = INCLUDE_SOURCE;
				MTL_FAST_MATH = YES;
				ONLY_ACTIVE_ARCH = YES;
				SDKROOT = iphoneos;
				SWIFT_ACTIVE_COMPILATION_CONDITIONS = DEBUG;
				SWIFT_OPTIMIZATION_LEVEL = "-Onone";
			};
			name = Debug;
		};
		F6FED6522A04801C001F3B8C /* Release */ = {
			isa = XCBuildConfiguration;
			buildSettings = {
				ALWAYS_SEARCH_USER_PATHS = NO;
				CLANG_ANALYZER_NONNULL = YES;
				CLANG_ANALYZER_NUMBER_OBJECT_CONVERSION = YES_AGGRESSIVE;
				CLANG_CXX_LANGUAGE_STANDARD = "gnu++20";
				CLANG_ENABLE_MODULES = YES;
				CLANG_ENABLE_OBJC_ARC = YES;
				CLANG_ENABLE_OBJC_WEAK = YES;
				CLANG_WARN_BLOCK_CAPTURE_AUTORELEASING = YES;
				CLANG_WARN_BOOL_CONVERSION = YES;
				CLANG_WARN_COMMA = YES;
				CLANG_WARN_CONSTANT_CONVERSION = YES;
				CLANG_WARN_DEPRECATED_OBJC_IMPLEMENTATIONS = YES;
				CLANG_WARN_DIRECT_OBJC_ISA_USAGE = YES_ERROR;
				CLANG_WARN_DOCUMENTATION_COMMENTS = YES;
				CLANG_WARN_EMPTY_BODY = YES;
				CLANG_WARN_ENUM_CONVERSION = YES;
				CLANG_WARN_INFINITE_RECURSION = YES;
				CLANG_WARN_INT_CONVERSION = YES;
				CLANG_WARN_NON_LITERAL_NULL_CONVERSION = YES;
				CLANG_WARN_OBJC_IMPLICIT_RETAIN_SELF = YES;
				CLANG_WARN_OBJC_LITERAL_CONVERSION = YES;
				CLANG_WARN_OBJC_ROOT_CLASS = YES_ERROR;
				CLANG_WARN_QUOTED_INCLUDE_IN_FRAMEWORK_HEADER = YES;
				CLANG_WARN_RANGE_LOOP_ANALYSIS = YES;
				CLANG_WARN_STRICT_PROTOTYPES = YES;
				CLANG_WARN_SUSPICIOUS_MOVE = YES;
				CLANG_WARN_UNGUARDED_AVAILABILITY = YES_AGGRESSIVE;
				CLANG_WARN_UNREACHABLE_CODE = YES;
				CLANG_WARN__DUPLICATE_METHOD_MATCH = YES;
				COPY_PHASE_STRIP = NO;
				DEBUG_INFORMATION_FORMAT = "dwarf-with-dsym";
				ENABLE_NS_ASSERTIONS = NO;
				ENABLE_STRICT_OBJC_MSGSEND = YES;
				GCC_C_LANGUAGE_STANDARD = gnu11;
				GCC_NO_COMMON_BLOCKS = YES;
				GCC_WARN_64_TO_32_BIT_CONVERSION = YES;
				GCC_WARN_ABOUT_RETURN_TYPE = YES_ERROR;
				GCC_WARN_UNDECLARED_SELECTOR = YES;
				GCC_WARN_UNINITIALIZED_AUTOS = YES_AGGRESSIVE;
				GCC_WARN_UNUSED_FUNCTION = YES;
				GCC_WARN_UNUSED_VARIABLE = YES;
				MTL_ENABLE_DEBUG_INFO = NO;
				MTL_FAST_MATH = YES;
				SDKROOT = iphoneos;
				SWIFT_COMPILATION_MODE = wholemodule;
				SWIFT_OPTIMIZATION_LEVEL = "-O";
				VALIDATE_PRODUCT = YES;
			};
			name = Release;
		};
		F6FED6542A04801C001F3B8C /* Debug */ = {
			isa = XCBuildConfiguration;
			buildSettings = {
				ASSETCATALOG_COMPILER_APPICON_NAME = AppIcon;
				ASSETCATALOG_COMPILER_GLOBAL_ACCENT_COLOR_NAME = AccentColor;
				CODE_SIGN_STYLE = Automatic;
				CURRENT_PROJECT_VERSION = 1;
				DEVELOPMENT_ASSET_PATHS = "\"Jym/Preview Content\"";
				DEVELOPMENT_TEAM = 3P576PW62C;
				ENABLE_PREVIEWS = YES;
				GENERATE_INFOPLIST_FILE = YES;
				INFOPLIST_FILE = Jym/Info.plist;
				INFOPLIST_KEY_UIApplicationSceneManifest_Generation = YES;
				INFOPLIST_KEY_UIApplicationSupportsIndirectInputEvents = YES;
				INFOPLIST_KEY_UILaunchScreen_Generation = YES;
				INFOPLIST_KEY_UILaunchStoryboardName = "Launch Screen.storyboard";
				INFOPLIST_KEY_UIRequiresFullScreen = YES;
				INFOPLIST_KEY_UISupportedInterfaceOrientations_iPad = UIInterfaceOrientationPortrait;
				INFOPLIST_KEY_UISupportedInterfaceOrientations_iPhone = UIInterfaceOrientationPortrait;
				IPHONEOS_DEPLOYMENT_TARGET = 16;
				LD_RUNPATH_SEARCH_PATHS = (
					"$(inherited)",
					"@executable_path/Frameworks",
				);
				MARKETING_VERSION = 1.0.1;
				PRODUCT_BUNDLE_IDENTIFIER = SolvusInc.Jym;
				PRODUCT_NAME = "$(TARGET_NAME)";
				SWIFT_EMIT_LOC_STRINGS = YES;
				SWIFT_VERSION = 5.0;
				TARGETED_DEVICE_FAMILY = "1,2";
			};
			name = Debug;
		};
		F6FED6552A04801C001F3B8C /* Release */ = {
			isa = XCBuildConfiguration;
			buildSettings = {
				ASSETCATALOG_COMPILER_APPICON_NAME = AppIcon;
				ASSETCATALOG_COMPILER_GLOBAL_ACCENT_COLOR_NAME = AccentColor;
				CODE_SIGN_STYLE = Automatic;
				CURRENT_PROJECT_VERSION = 1;
				DEVELOPMENT_ASSET_PATHS = "\"Jym/Preview Content\"";
				DEVELOPMENT_TEAM = 3P576PW62C;
				ENABLE_PREVIEWS = YES;
				GENERATE_INFOPLIST_FILE = YES;
				INFOPLIST_FILE = Jym/Info.plist;
				INFOPLIST_KEY_UIApplicationSceneManifest_Generation = YES;
				INFOPLIST_KEY_UIApplicationSupportsIndirectInputEvents = YES;
				INFOPLIST_KEY_UILaunchScreen_Generation = YES;
				INFOPLIST_KEY_UILaunchStoryboardName = "Launch Screen.storyboard";
				INFOPLIST_KEY_UIRequiresFullScreen = YES;
				INFOPLIST_KEY_UISupportedInterfaceOrientations_iPad = UIInterfaceOrientationPortrait;
				INFOPLIST_KEY_UISupportedInterfaceOrientations_iPhone = UIInterfaceOrientationPortrait;
				IPHONEOS_DEPLOYMENT_TARGET = 16;
				LD_RUNPATH_SEARCH_PATHS = (
					"$(inherited)",
					"@executable_path/Frameworks",
				);
				MARKETING_VERSION = 1.0.1;
				PRODUCT_BUNDLE_IDENTIFIER = SolvusInc.Jym;
				PRODUCT_NAME = "$(TARGET_NAME)";
				SWIFT_EMIT_LOC_STRINGS = YES;
				SWIFT_VERSION = 5.0;
				TARGETED_DEVICE_FAMILY = "1,2";
			};
			name = Release;
		};
		F6FED6572A04801C001F3B8C /* Debug */ = {
			isa = XCBuildConfiguration;
			buildSettings = {
				ALWAYS_EMBED_SWIFT_STANDARD_LIBRARIES = YES;
				BUNDLE_LOADER = "$(TEST_HOST)";
				CODE_SIGN_STYLE = Automatic;
				CURRENT_PROJECT_VERSION = 1;
				DEVELOPMENT_TEAM = 3P576PW62C;
				GENERATE_INFOPLIST_FILE = YES;
				IPHONEOS_DEPLOYMENT_TARGET = 16.4;
				MARKETING_VERSION = 1.0;
				PRODUCT_BUNDLE_IDENTIFIER = SolvusInc.JymTests;
				PRODUCT_NAME = "$(TARGET_NAME)";
				SWIFT_EMIT_LOC_STRINGS = NO;
				SWIFT_VERSION = 5.0;
				TARGETED_DEVICE_FAMILY = "1,2";
				TEST_HOST = "$(BUILT_PRODUCTS_DIR)/Jym.app/$(BUNDLE_EXECUTABLE_FOLDER_PATH)/Jym";
			};
			name = Debug;
		};
		F6FED6582A04801C001F3B8C /* Release */ = {
			isa = XCBuildConfiguration;
			buildSettings = {
				ALWAYS_EMBED_SWIFT_STANDARD_LIBRARIES = YES;
				BUNDLE_LOADER = "$(TEST_HOST)";
				CODE_SIGN_STYLE = Automatic;
				CURRENT_PROJECT_VERSION = 1;
				DEVELOPMENT_TEAM = 3P576PW62C;
				GENERATE_INFOPLIST_FILE = YES;
				IPHONEOS_DEPLOYMENT_TARGET = 16.4;
				MARKETING_VERSION = 1.0;
				PRODUCT_BUNDLE_IDENTIFIER = SolvusInc.JymTests;
				PRODUCT_NAME = "$(TARGET_NAME)";
				SWIFT_EMIT_LOC_STRINGS = NO;
				SWIFT_VERSION = 5.0;
				TARGETED_DEVICE_FAMILY = "1,2";
				TEST_HOST = "$(BUILT_PRODUCTS_DIR)/Jym.app/$(BUNDLE_EXECUTABLE_FOLDER_PATH)/Jym";
			};
			name = Release;
		};
		F6FED65A2A04801C001F3B8C /* Debug */ = {
			isa = XCBuildConfiguration;
			buildSettings = {
				ALWAYS_EMBED_SWIFT_STANDARD_LIBRARIES = YES;
				CODE_SIGN_STYLE = Automatic;
				CURRENT_PROJECT_VERSION = 1;
				DEVELOPMENT_TEAM = 3P576PW62C;
				GENERATE_INFOPLIST_FILE = YES;
				MARKETING_VERSION = 1.0;
				PRODUCT_BUNDLE_IDENTIFIER = SolvusInc.JymUITests;
				PRODUCT_NAME = "$(TARGET_NAME)";
				SWIFT_EMIT_LOC_STRINGS = NO;
				SWIFT_VERSION = 5.0;
				TARGETED_DEVICE_FAMILY = "1,2";
				TEST_TARGET_NAME = Jym;
			};
			name = Debug;
		};
		F6FED65B2A04801C001F3B8C /* Release */ = {
			isa = XCBuildConfiguration;
			buildSettings = {
				ALWAYS_EMBED_SWIFT_STANDARD_LIBRARIES = YES;
				CODE_SIGN_STYLE = Automatic;
				CURRENT_PROJECT_VERSION = 1;
				DEVELOPMENT_TEAM = 3P576PW62C;
				GENERATE_INFOPLIST_FILE = YES;
				MARKETING_VERSION = 1.0;
				PRODUCT_BUNDLE_IDENTIFIER = SolvusInc.JymUITests;
				PRODUCT_NAME = "$(TARGET_NAME)";
				SWIFT_EMIT_LOC_STRINGS = NO;
				SWIFT_VERSION = 5.0;
				TARGETED_DEVICE_FAMILY = "1,2";
				TEST_TARGET_NAME = Jym;
			};
			name = Release;
		};
/* End XCBuildConfiguration section */

/* Begin XCConfigurationList section */
		F6FED6252A048015001F3B8C /* Build configuration list for PBXProject "Jym" */ = {
			isa = XCConfigurationList;
			buildConfigurations = (
				F6FED6512A04801C001F3B8C /* Debug */,
				F6FED6522A04801C001F3B8C /* Release */,
			);
			defaultConfigurationIsVisible = 0;
			defaultConfigurationName = Release;
		};
		F6FED6532A04801C001F3B8C /* Build configuration list for PBXNativeTarget "Jym" */ = {
			isa = XCConfigurationList;
			buildConfigurations = (
				F6FED6542A04801C001F3B8C /* Debug */,
				F6FED6552A04801C001F3B8C /* Release */,
			);
			defaultConfigurationIsVisible = 0;
			defaultConfigurationName = Release;
		};
		F6FED6562A04801C001F3B8C /* Build configuration list for PBXNativeTarget "JymTests" */ = {
			isa = XCConfigurationList;
			buildConfigurations = (
				F6FED6572A04801C001F3B8C /* Debug */,
				F6FED6582A04801C001F3B8C /* Release */,
			);
			defaultConfigurationIsVisible = 0;
			defaultConfigurationName = Release;
		};
		F6FED6592A04801C001F3B8C /* Build configuration list for PBXNativeTarget "JymUITests" */ = {
			isa = XCConfigurationList;
			buildConfigurations = (
				F6FED65A2A04801C001F3B8C /* Debug */,
				F6FED65B2A04801C001F3B8C /* Release */,
			);
			defaultConfigurationIsVisible = 0;
			defaultConfigurationName = Release;
		};
/* End XCConfigurationList section */

/* Begin XCVersionGroup section */
		F6FED6382A04801C001F3B8C /* Jym.xcdatamodeld */ = {
			isa = XCVersionGroup;
			children = (
				F6FED6392A04801C001F3B8C /* Jym.xcdatamodel */,
			);
			currentVersion = F6FED6392A04801C001F3B8C /* Jym.xcdatamodel */;
			path = Jym.xcdatamodeld;
			sourceTree = "<group>";
			versionGroupType = wrapper.xcdatamodel;
		};
/* End XCVersionGroup section */
	};
	rootObject = F6FED6222A048015001F3B8C /* Project object */;
}
