// !$*UTF8*$!
{
	archiveVersion = 1;
	classes = {
	};
	objectVersion = 56;
	objects = {

/* Begin PBXBuildFile section */
		F6FED62E2A048015001F3B8C /* JymApp.swift in Sources */ = {isa = PBXBuildFile; fileRef = F6FED62D2A048015001F3B8C /* JymApp.swift */; };
		F6FED6302A048015001F3B8C /* ContentView.swift in Sources */ = {isa = PBXBuildFile; fileRef = F6FED62F2A048015001F3B8C /* ContentView.swift */; };
		F6FED6322A04801C001F3B8C /* Assets.xcassets in Resources */ = {isa = PBXBuildFile; fileRef = F6FED6312A04801C001F3B8C /* Assets.xcassets */; };
		F6FED6352A04801C001F3B8C /* Preview Assets.xcassets in Resources */ = {isa = PBXBuildFile; fileRef = F6FED6342A04801C001F3B8C /* Preview Assets.xcassets */; };
		F6FED6372A04801C001F3B8C /* Persistence.swift in Sources */ = {isa = PBXBuildFile; fileRef = F6FED6362A04801C001F3B8C /* Persistence.swift */; };
		F6FED63A2A04801C001F3B8C /* Jym.xcdatamodeld in Sources */ = {isa = PBXBuildFile; fileRef = F6FED6382A04801C001F3B8C /* Jym.xcdatamodeld */; };
		F6FED6442A04801C001F3B8C /* JymTests.swift in Sources */ = {isa = PBXBuildFile; fileRef = F6FED6432A04801C001F3B8C /* JymTests.swift */; };
		F6FED64E2A04801C001F3B8C /* JymUITests.swift in Sources */ = {isa = PBXBuildFile; fileRef = F6FED64D2A04801C001F3B8C /* JymUITests.swift */; };
		F6FED6502A04801C001F3B8C /* JymUITestsLaunchTests.swift in Sources */ = {isa = PBXBuildFile; fileRef = F6FED64F2A04801C001F3B8C /* JymUITestsLaunchTests.swift */; };
/* End PBXBuildFile section */

/* Begin PBXContainerItemProxy section */
		F6FED6402A04801C001F3B8C /* PBXContainerItemProxy */ = {
			isa = PBXContainerItemProxy;
			containerPortal = F6FED6222A048015001F3B8C /* Project object */;
			proxyType = 1;
			remoteGlobalIDString = F6FED6292A048015001F3B8C;
			remoteInfo = Jym;
		};
		F6FED64A2A04801C001F3B8C /* PBXContainerItemProxy */ = {
			isa = PBXContainerItemProxy;
			containerPortal = F6FED6222A048015001F3B8C /* Project object */;
			proxyType = 1;
			remoteGlobalIDString = F6FED6292A048015001F3B8C;
			remoteInfo = Jym;
		};
/* End PBXContainerItemProxy section */

/* Begin PBXFileReference section */
		F6FED62A2A048015001F3B8C /* Jym.app */ = {isa = PBXFileReference; explicitFileType = wrapper.application; includeInIndex = 0; path = Jym.app; sourceTree = BUILT_PRODUCTS_DIR; };
		F6FED62D2A048015001F3B8C /* JymApp.swift */ = {isa = PBXFileReference; lastKnownFileType = sourcecode.swift; path = JymApp.swift; sourceTree = "<group>"; };
		F6FED62F2A048015001F3B8C /* ContentView.swift */ = {isa = PBXFileReference; lastKnownFileType = sourcecode.swift; path = ContentView.swift; sourceTree = "<group>"; };
		F6FED6312A04801C001F3B8C /* Assets.xcassets */ = {isa = PBXFileReference; lastKnownFileType = folder.assetcatalog; path = Assets.xcassets; sourceTree = "<group>"; };
		F6FED6342A04801C001F3B8C /* Preview Assets.xcassets */ = {isa = PBXFileReference; lastKnownFileType = folder.assetcatalog; path = "Preview Assets.xcassets"; sourceTree = "<group>"; };
		F6FED6362A04801C001F3B8C /* Persistence.swift */ = {isa = PBXFileReference; lastKnownFileType = sourcecode.swift; path = Persistence.swift; sourceTree = "<group>"; };
		F6FED6392A04801C001F3B8C /* Jym.xcdatamodel */ = {isa = PBXFileReference; lastKnownFileType = wrapper.xcdatamodel; path = Jym.xcdatamodel; sourceTree = "<group>"; };
		F6FED63F2A04801C001F3B8C /* JymTests.xctest */ = {isa = PBXFileReference; explicitFileType = wrapper.cfbundle; includeInIndex = 0; path = JymTests.xctest; sourceTree = BUILT_PRODUCTS_DIR; };
		F6FED6432A04801C001F3B8C /* JymTests.swift */ = {isa = PBXFileReference; lastKnownFileType = sourcecode.swift; path = JymTests.swift; sourceTree = "<group>"; };
		F6FED6492A04801C001F3B8C /* JymUITests.xctest */ = {isa = PBXFileReference; explicitFileType = wrapper.cfbundle; includeInIndex = 0; path = JymUITests.xctest; sourceTree = BUILT_PRODUCTS_DIR; };
		F6FED64D2A04801C001F3B8C /* JymUITests.swift */ = {isa = PBXFileReference; lastKnownFileType = sourcecode.swift; path = JymUITests.swift; sourceTree = "<group>"; };
		F6FED64F2A04801C001F3B8C /* JymUITestsLaunchTests.swift */ = {isa = PBXFileReference; lastKnownFileType = sourcecode.swift; path = JymUITestsLaunchTests.swift; sourceTree = "<group>"; };
/* End PBXFileReference section */

/* Begin PBXFrameworksBuildPhase section */
		F6FED6272A048015001F3B8C /* Frameworks */ = {
			isa = PBXFrameworksBuildPhase;
			buildActionMask = 2147483647;
			files = (
			);
			runOnlyForDeploymentPostprocessing = 0;
		};
		F6FED63C2A04801C001F3B8C /* Frameworks */ = {
			isa = PBXFrameworksBuildPhase;
			buildActionMask = 2147483647;
			files = (
			);
			runOnlyForDeploymentPostprocessing = 0;
		};
		F6FED6462A04801C001F3B8C /* Frameworks */ = {
			isa = PBXFrameworksBuildPhase;
			buildActionMask = 2147483647;
			files = (
			);
			runOnlyForDeploymentPostprocessing = 0;
		};
/* End PBXFrameworksBuildPhase section */

/* Begin PBXGroup section */
		F6FED6212A048015001F3B8C = {
			isa = PBXGroup;
			children = (
				F6FED62C2A048015001F3B8C /* Jym */,
				F6FED6422A04801C001F3B8C /* JymTests */,
				F6FED64C2A04801C001F3B8C /* JymUITests */,
				F6FED62B2A048015001F3B8C /* Products */,
			);
			sourceTree = "<group>";
		};
		F6FED62B2A048015001F3B8C /* Products */ = {
			isa = PBXGroup;
			children = (
				F6FED62A2A048015001F3B8C /* Jym.app */,
				F6FED63F2A04801C001F3B8C /* JymTests.xctest */,
				F6FED6492A04801C001F3B8C /* JymUITests.xctest */,
			);
			name = Products;
			sourceTree = "<group>";
		};
		F6FED62C2A048015001F3B8C /* Jym */ = {
			isa = PBXGroup;
			children = (
				F6FED62D2A048015001F3B8C /* JymApp.swift */,
				F6FED62F2A048015001F3B8C /* ContentView.swift */,
				F6FED6312A04801C001F3B8C /* Assets.xcassets */,
				F6FED6362A04801C001F3B8C /* Persistence.swift */,
				F6FED6382A04801C001F3B8C /* Jym.xcdatamodeld */,
				F6FED6332A04801C001F3B8C /* Preview Content */,
			);
			path = Jym;
			sourceTree = "<group>";
		};
		F6FED6332A04801C001F3B8C /* Preview Content */ = {
			isa = PBXGroup;
			children = (
				F6FED6342A04801C001F3B8C /* Preview Assets.xcassets */,
			);
			path = "Preview Content";
			sourceTree = "<group>";
		};
		F6FED6422A04801C001F3B8C /* JymTests */ = {
			isa = PBXGroup;
			children = (
				F6FED6432A04801C001F3B8C /* JymTests.swift */,
			);
			path = JymTests;
			sourceTree = "<group>";
		};
		F6FED64C2A04801C001F3B8C /* JymUITests */ = {
			isa = PBXGroup;
			children = (
				F6FED64D2A04801C001F3B8C /* JymUITests.swift */,
				F6FED64F2A04801C001F3B8C /* JymUITestsLaunchTests.swift */,
			);
			path = JymUITests;
			sourceTree = "<group>";
		};
/* End PBXGroup section */

/* Begin PBXNativeTarget section */
		F6FED6292A048015001F3B8C /* Jym */ = {
			isa = PBXNativeTarget;
			buildConfigurationList = F6FED6532A04801C001F3B8C /* Build configuration list for PBXNativeTarget "Jym" */;
			buildPhases = (
				F6FED6262A048015001F3B8C /* Sources */,
				F6FED6272A048015001F3B8C /* Frameworks */,
				F6FED6282A048015001F3B8C /* Resources */,
			);
			buildRules = (
			);
			dependencies = (
			);
			name = Jym;
			productName = Jym;
			productReference = F6FED62A2A048015001F3B8C /* Jym.app */;
			productType = "com.apple.product-type.application";
		};
		F6FED63E2A04801C001F3B8C /* JymTests */ = {
			isa = PBXNativeTarget;
			buildConfigurationList = F6FED6562A04801C001F3B8C /* Build configuration list for PBXNativeTarget "JymTests" */;
			buildPhases = (
				F6FED63B2A04801C001F3B8C /* Sources */,
				F6FED63C2A04801C001F3B8C /* Frameworks */,
				F6FED63D2A04801C001F3B8C /* Resources */,
			);
			buildRules = (
			);
			dependencies = (
				F6FED6412A04801C001F3B8C /* PBXTargetDependency */,
			);
			name = JymTests;
			productName = JymTests;
			productReference = F6FED63F2A04801C001F3B8C /* JymTests.xctest */;
			productType = "com.apple.product-type.bundle.unit-test";
		};
		F6FED6482A04801C001F3B8C /* JymUITests */ = {
			isa = PBXNativeTarget;
			buildConfigurationList = F6FED6592A04801C001F3B8C /* Build configuration list for PBXNativeTarget "JymUITests" */;
			buildPhases = (
				F6FED6452A04801C001F3B8C /* Sources */,
				F6FED6462A04801C001F3B8C /* Frameworks */,
				F6FED6472A04801C001F3B8C /* Resources */,
			);
			buildRules = (
			);
			dependencies = (
				F6FED64B2A04801C001F3B8C /* PBXTargetDependency */,
			);
			name = JymUITests;
			productName = JymUITests;
			productReference = F6FED6492A04801C001F3B8C /* JymUITests.xctest */;
			productType = "com.apple.product-type.bundle.ui-testing";
		};
/* End PBXNativeTarget section */

/* Begin PBXProject section */
		F6FED6222A048015001F3B8C /* Project object */ = {
			isa = PBXProject;
			attributes = {
				BuildIndependentTargetsInParallel = 1;
				LastSwiftUpdateCheck = 1430;
				LastUpgradeCheck = 1430;
				TargetAttributes = {
					F6FED6292A048015001F3B8C = {
						CreatedOnToolsVersion = 14.3;
					};
					F6FED63E2A04801C001F3B8C = {
						CreatedOnToolsVersion = 14.3;
						TestTargetID = F6FED6292A048015001F3B8C;
					};
					F6FED6482A04801C001F3B8C = {
						CreatedOnToolsVersion = 14.3;
						TestTargetID = F6FED6292A048015001F3B8C;
					};
				};
			};
			buildConfigurationList = F6FED6252A048015001F3B8C /* Build configuration list for PBXProject "Jym" */;
			compatibilityVersion = "Xcode 14.0";
			developmentRegion = en;
			hasScannedForEncodings = 0;
			knownRegions = (
				en,
				Base,
			);
			mainGroup = F6FED6212A048015001F3B8C;
			productRefGroup = F6FED62B2A048015001F3B8C /* Products */;
			projectDirPath = "";
			projectRoot = "";
			targets = (
				F6FED6292A048015001F3B8C /* Jym */,
				F6FED63E2A04801C001F3B8C /* JymTests */,
				F6FED6482A04801C001F3B8C /* JymUITests */,
			);
		};
/* End PBXProject section */

/* Begin PBXResourcesBuildPhase section */
		F6FED6282A048015001F3B8C /* Resources */ = {
			isa = PBXResourcesBuildPhase;
			buildActionMask = 2147483647;
			files = (
				F6FED6352A04801C001F3B8C /* Preview Assets.xcassets in Resources */,
				F6FED6322A04801C001F3B8C /* Assets.xcassets in Resources */,
			);
			runOnlyForDeploymentPostprocessing = 0;
		};
		F6FED63D2A04801C001F3B8C /* Resources */ = {
			isa = PBXResourcesBuildPhase;
			buildActionMask = 2147483647;
			files = (
			);
			runOnlyForDeploymentPostprocessing = 0;
		};
		F6FED6472A04801C001F3B8C /* Resources */ = {
			isa = PBXResourcesBuildPhase;
			buildActionMask = 2147483647;
			files = (
			);
			runOnlyForDeploymentPostprocessing = 0;
		};
/* End PBXResourcesBuildPhase section */

/* Begin PBXSourcesBuildPhase section */
		F6FED6262A048015001F3B8C /* Sources */ = {
			isa = PBXSourcesBuildPhase;
			buildActionMask = 2147483647;
			files = (
				F6FED63A2A04801C001F3B8C /* Jym.xcdatamodeld in Sources */,
				F6FED6372A04801C001F3B8C /* Persistence.swift in Sources */,
				F6FED6302A048015001F3B8C /* ContentView.swift in Sources */,
				F6FED62E2A048015001F3B8C /* JymApp.swift in Sources */,
			);
			runOnlyForDeploymentPostprocessing = 0;
		};
		F6FED63B2A04801C001F3B8C /* Sources */ = {
			isa = PBXSourcesBuildPhase;
			buildActionMask = 2147483647;
			files = (
				F6FED6442A04801C001F3B8C /* JymTests.swift in Sources */,
			);
			runOnlyForDeploymentPostprocessing = 0;
		};
		F6FED6452A04801C001F3B8C /* Sources */ = {
			isa = PBXSourcesBuildPhase;
			buildActionMask = 2147483647;
			files = (
				F6FED64E2A04801C001F3B8C /* JymUITests.swift in Sources */,
				F6FED6502A04801C001F3B8C /* JymUITestsLaunchTests.swift in Sources */,
			);
			runOnlyForDeploymentPostprocessing = 0;
		};
/* End PBXSourcesBuildPhase section */

/* Begin PBXTargetDependency section */
		F6FED6412A04801C001F3B8C /* PBXTargetDependency */ = {
			isa = PBXTargetDependency;
			target = F6FED6292A048015001F3B8C /* Jym */;
			targetProxy = F6FED6402A04801C001F3B8C /* PBXContainerItemProxy */;
		};
		F6FED64B2A04801C001F3B8C /* PBXTargetDependency */ = {
			isa = PBXTargetDependency;
			target = F6FED6292A048015001F3B8C /* Jym */;
			targetProxy = F6FED64A2A04801C001F3B8C /* PBXContainerItemProxy */;
		};
/* End PBXTargetDependency section */

/* Begin XCBuildConfiguration section */
		F6FED6512A04801C001F3B8C /* Debug */ = {
			isa = XCBuildConfiguration;
			buildSettings = {
				ALWAYS_SEARCH_USER_PATHS = NO;
				CLANG_ANALYZER_NONNULL = YES;
				CLANG_ANALYZER_NUMBER_OBJECT_CONVERSION = YES_AGGRESSIVE;
				CLANG_CXX_LANGUAGE_STANDARD = "gnu++20";
				CLANG_ENABLE_MODULES = YES;
				CLANG_ENABLE_OBJC_ARC = YES;
				CLANG_ENABLE_OBJC_WEAK = YES;
				CLANG_WARN_BLOCK_CAPTURE_AUTORELEASING = YES;
				CLANG_WARN_BOOL_CONVERSION = YES;
				CLANG_WARN_COMMA = YES;
				CLANG_WARN_CONSTANT_CONVERSION = YES;
				CLANG_WARN_DEPRECATED_OBJC_IMPLEMENTATIONS = YES;
				CLANG_WARN_DIRECT_OBJC_ISA_USAGE = YES_ERROR;
				CLANG_WARN_DOCUMENTATION_COMMENTS = YES;
				CLANG_WARN_EMPTY_BODY = YES;
				CLANG_WARN_ENUM_CONVERSION = YES;
				CLANG_WARN_INFINITE_RECURSION = YES;
				CLANG_WARN_INT_CONVERSION = YES;
				CLANG_WARN_NON_LITERAL_NULL_CONVERSION = YES;
				CLANG_WARN_OBJC_IMPLICIT_RETAIN_SELF = YES;
				CLANG_WARN_OBJC_LITERAL_CONVERSION = YES;
				CLANG_WARN_OBJC_ROOT_CLASS = YES_ERROR;
				CLANG_WARN_QUOTED_INCLUDE_IN_FRAMEWORK_HEADER = YES;
				CLANG_WARN_RANGE_LOOP_ANALYSIS = YES;
				CLANG_WARN_STRICT_PROTOTYPES = YES;
				CLANG_WARN_SUSPICIOUS_MOVE = YES;
				CLANG_WARN_UNGUARDED_AVAILABILITY = YES_AGGRESSIVE;
				CLANG_WARN_UNREACHABLE_CODE = YES;
				CLANG_WARN__DUPLICATE_METHOD_MATCH = YES;
				COPY_PHASE_STRIP = NO;
				DEBUG_INFORMATION_FORMAT = dwarf;
				ENABLE_STRICT_OBJC_MSGSEND = YES;
				ENABLE_TESTABILITY = YES;
				GCC_C_LANGUAGE_STANDARD = gnu11;
				GCC_DYNAMIC_NO_PIC = NO;
				GCC_NO_COMMON_BLOCKS = YES;
				GCC_OPTIMIZATION_LEVEL = 0;
				GCC_PREPROCESSOR_DEFINITIONS = (
					"DEBUG=1",
					"$(inherited)",
				);
				GCC_WARN_64_TO_32_BIT_CONVERSION = YES;
				GCC_WARN_ABOUT_RETURN_TYPE = YES_ERROR;
				GCC_WARN_UNDECLARED_SELECTOR = YES;
				GCC_WARN_UNINITIALIZED_AUTOS = YES_AGGRESSIVE;
				GCC_WARN_UNUSED_FUNCTION = YES;
				GCC_WARN_UNUSED_VARIABLE = YES;
				IPHONEOS_DEPLOYMENT_TARGET = 16.4;
				MTL_ENABLE_DEBUG_INFO = INCLUDE_SOURCE;
				MTL_FAST_MATH = YES;
				ONLY_ACTIVE_ARCH = YES;
				SDKROOT = iphoneos;
				SWIFT_ACTIVE_COMPILATION_CONDITIONS = DEBUG;
				SWIFT_OPTIMIZATION_LEVEL = "-Onone";
			};
			name = Debug;
		};
		F6FED6522A04801C001F3B8C /* Release */ = {
			isa = XCBuildConfiguration;
			buildSettings = {
				ALWAYS_SEARCH_USER_PATHS = NO;
				CLANG_ANALYZER_NONNULL = YES;
				CLANG_ANALYZER_NUMBER_OBJECT_CONVERSION = YES_AGGRESSIVE;
				CLANG_CXX_LANGUAGE_STANDARD = "gnu++20";
				CLANG_ENABLE_MODULES = YES;
				CLANG_ENABLE_OBJC_ARC = YES;
				CLANG_ENABLE_OBJC_WEAK = YES;
				CLANG_WARN_BLOCK_CAPTURE_AUTORELEASING = YES;
				CLANG_WARN_BOOL_CONVERSION = YES;
				CLANG_WARN_COMMA = YES;
				CLANG_WARN_CONSTANT_CONVERSION = YES;
				CLANG_WARN_DEPRECATED_OBJC_IMPLEMENTATIONS = YES;
				CLANG_WARN_DIRECT_OBJC_ISA_USAGE = YES_ERROR;
				CLANG_WARN_DOCUMENTATION_COMMENTS = YES;
				CLANG_WARN_EMPTY_BODY = YES;
				CLANG_WARN_ENUM_CONVERSION = YES;
				CLANG_WARN_INFINITE_RECURSION = YES;
				CLANG_WARN_INT_CONVERSION = YES;
				CLANG_WARN_NON_LITERAL_NULL_CONVERSION = YES;
				CLANG_WARN_OBJC_IMPLICIT_RETAIN_SELF = YES;
				CLANG_WARN_OBJC_LITERAL_CONVERSION = YES;
				CLANG_WARN_OBJC_ROOT_CLASS = YES_ERROR;
				CLANG_WARN_QUOTED_INCLUDE_IN_FRAMEWORK_HEADER = YES;
				CLANG_WARN_RANGE_LOOP_ANALYSIS = YES;
				CLANG_WARN_STRICT_PROTOTYPES = YES;
				CLANG_WARN_SUSPICIOUS_MOVE = YES;
				CLANG_WARN_UNGUARDED_AVAILABILITY = YES_AGGRESSIVE;
				CLANG_WARN_UNREACHABLE_CODE = YES;
				CLANG_WARN__DUPLICATE_METHOD_MATCH = YES;
				COPY_PHASE_STRIP = NO;
				DEBUG_INFORMATION_FORMAT = "dwarf-with-dsym";
				ENABLE_NS_ASSERTIONS = NO;
				ENABLE_STRICT_OBJC_MSGSEND = YES;
				GCC_C_LANGUAGE_STANDARD = gnu11;
				GCC_NO_COMMON_BLOCKS = YES;
				GCC_WARN_64_TO_32_BIT_CONVERSION = YES;
				GCC_WARN_ABOUT_RETURN_TYPE = YES_ERROR;
				GCC_WARN_UNDECLARED_SELECTOR = YES;
				GCC_WARN_UNINITIALIZED_AUTOS = YES_AGGRESSIVE;
				GCC_WARN_UNUSED_FUNCTION = YES;
				GCC_WARN_UNUSED_VARIABLE = YES;
				IPHONEOS_DEPLOYMENT_TARGET = 16.4;
				MTL_ENABLE_DEBUG_INFO = NO;
				MTL_FAST_MATH = YES;
				SDKROOT = iphoneos;
				SWIFT_COMPILATION_MODE = wholemodule;
				SWIFT_OPTIMIZATION_LEVEL = "-O";
				VALIDATE_PRODUCT = YES;
			};
			name = Release;
		};
		F6FED6542A04801C001F3B8C /* Debug */ = {
			isa = XCBuildConfiguration;
			buildSettings = {
				ASSETCATALOG_COMPILER_APPICON_NAME = AppIcon;
				ASSETCATALOG_COMPILER_GLOBAL_ACCENT_COLOR_NAME = AccentColor;
				CODE_SIGN_STYLE = Automatic;
				CURRENT_PROJECT_VERSION = 1;
				DEVELOPMENT_ASSET_PATHS = "\"Jym/Preview Content\"";
				DEVELOPMENT_TEAM = 3P576PW62C;
				ENABLE_PREVIEWS = YES;
				GENERATE_INFOPLIST_FILE = YES;
				INFOPLIST_KEY_UIApplicationSceneManifest_Generation = YES;
				INFOPLIST_KEY_UIApplicationSupportsIndirectInputEvents = YES;
				INFOPLIST_KEY_UILaunchScreen_Generation = YES;
				INFOPLIST_KEY_UISupportedInterfaceOrientations_iPad = "UIInterfaceOrientationPortrait UIInterfaceOrientationPortraitUpsideDown UIInterfaceOrientationLandscapeLeft UIInterfaceOrientationLandscapeRight";
				INFOPLIST_KEY_UISupportedInterfaceOrientations_iPhone = "UIInterfaceOrientationPortrait UIInterfaceOrientationLandscapeLeft UIInterfaceOrientationLandscapeRight";
				LD_RUNPATH_SEARCH_PATHS = (
					"$(inherited)",
					"@executable_path/Frameworks",
				);
				MARKETING_VERSION = 1.0;
				PRODUCT_BUNDLE_IDENTIFIER = SolvusInc.Jym;
				PRODUCT_NAME = "$(TARGET_NAME)";
				SWIFT_EMIT_LOC_STRINGS = YES;
				SWIFT_VERSION = 5.0;
				TARGETED_DEVICE_FAMILY = "1,2";
			};
			name = Debug;
		};
		F6FED6552A04801C001F3B8C /* Release */ = {
			isa = XCBuildConfiguration;
			buildSettings = {
				ASSETCATALOG_COMPILER_APPICON_NAME = AppIcon;
				ASSETCATALOG_COMPILER_GLOBAL_ACCENT_COLOR_NAME = AccentColor;
				CODE_SIGN_STYLE = Automatic;
				CURRENT_PROJECT_VERSION = 1;
				DEVELOPMENT_ASSET_PATHS = "\"Jym/Preview Content\"";
				DEVELOPMENT_TEAM = 3P576PW62C;
				ENABLE_PREVIEWS = YES;
				GENERATE_INFOPLIST_FILE = YES;
				INFOPLIST_KEY_UIApplicationSceneManifest_Generation = YES;
				INFOPLIST_KEY_UIApplicationSupportsIndirectInputEvents = YES;
				INFOPLIST_KEY_UILaunchScreen_Generation = YES;
				INFOPLIST_KEY_UISupportedInterfaceOrientations_iPad = "UIInterfaceOrientationPortrait UIInterfaceOrientationPortraitUpsideDown UIInterfaceOrientationLandscapeLeft UIInterfaceOrientationLandscapeRight";
				INFOPLIST_KEY_UISupportedInterfaceOrientations_iPhone = "UIInterfaceOrientationPortrait UIInterfaceOrientationLandscapeLeft UIInterfaceOrientationLandscapeRight";
				LD_RUNPATH_SEARCH_PATHS = (
					"$(inherited)",
					"@executable_path/Frameworks",
				);
				MARKETING_VERSION = 1.0;
				PRODUCT_BUNDLE_IDENTIFIER = SolvusInc.Jym;
				PRODUCT_NAME = "$(TARGET_NAME)";
				SWIFT_EMIT_LOC_STRINGS = YES;
				SWIFT_VERSION = 5.0;
				TARGETED_DEVICE_FAMILY = "1,2";
			};
			name = Release;
		};
		F6FED6572A04801C001F3B8C /* Debug */ = {
			isa = XCBuildConfiguration;
			buildSettings = {
				ALWAYS_EMBED_SWIFT_STANDARD_LIBRARIES = YES;
				BUNDLE_LOADER = "$(TEST_HOST)";
				CODE_SIGN_STYLE = Automatic;
				CURRENT_PROJECT_VERSION = 1;
				DEVELOPMENT_TEAM = 3P576PW62C;
				GENERATE_INFOPLIST_FILE = YES;
				IPHONEOS_DEPLOYMENT_TARGET = 16.4;
				MARKETING_VERSION = 1.0;
				PRODUCT_BUNDLE_IDENTIFIER = SolvusInc.JymTests;
				PRODUCT_NAME = "$(TARGET_NAME)";
				SWIFT_EMIT_LOC_STRINGS = NO;
				SWIFT_VERSION = 5.0;
				TARGETED_DEVICE_FAMILY = "1,2";
				TEST_HOST = "$(BUILT_PRODUCTS_DIR)/Jym.app/$(BUNDLE_EXECUTABLE_FOLDER_PATH)/Jym";
			};
			name = Debug;
		};
		F6FED6582A04801C001F3B8C /* Release */ = {
			isa = XCBuildConfiguration;
			buildSettings = {
				ALWAYS_EMBED_SWIFT_STANDARD_LIBRARIES = YES;
				BUNDLE_LOADER = "$(TEST_HOST)";
				CODE_SIGN_STYLE = Automatic;
				CURRENT_PROJECT_VERSION = 1;
				DEVELOPMENT_TEAM = 3P576PW62C;
				GENERATE_INFOPLIST_FILE = YES;
				IPHONEOS_DEPLOYMENT_TARGET = 16.4;
				MARKETING_VERSION = 1.0;
				PRODUCT_BUNDLE_IDENTIFIER = SolvusInc.JymTests;
				PRODUCT_NAME = "$(TARGET_NAME)";
				SWIFT_EMIT_LOC_STRINGS = NO;
				SWIFT_VERSION = 5.0;
				TARGETED_DEVICE_FAMILY = "1,2";
				TEST_HOST = "$(BUILT_PRODUCTS_DIR)/Jym.app/$(BUNDLE_EXECUTABLE_FOLDER_PATH)/Jym";
			};
			name = Release;
		};
		F6FED65A2A04801C001F3B8C /* Debug */ = {
			isa = XCBuildConfiguration;
			buildSettings = {
				ALWAYS_EMBED_SWIFT_STANDARD_LIBRARIES = YES;
				CODE_SIGN_STYLE = Automatic;
				CURRENT_PROJECT_VERSION = 1;
				DEVELOPMENT_TEAM = 3P576PW62C;
				GENERATE_INFOPLIST_FILE = YES;
				MARKETING_VERSION = 1.0;
				PRODUCT_BUNDLE_IDENTIFIER = SolvusInc.JymUITests;
				PRODUCT_NAME = "$(TARGET_NAME)";
				SWIFT_EMIT_LOC_STRINGS = NO;
				SWIFT_VERSION = 5.0;
				TARGETED_DEVICE_FAMILY = "1,2";
				TEST_TARGET_NAME = Jym;
			};
			name = Debug;
		};
		F6FED65B2A04801C001F3B8C /* Release */ = {
			isa = XCBuildConfiguration;
			buildSettings = {
				ALWAYS_EMBED_SWIFT_STANDARD_LIBRARIES = YES;
				CODE_SIGN_STYLE = Automatic;
				CURRENT_PROJECT_VERSION = 1;
				DEVELOPMENT_TEAM = 3P576PW62C;
				GENERATE_INFOPLIST_FILE = YES;
				MARKETING_VERSION = 1.0;
				PRODUCT_BUNDLE_IDENTIFIER = SolvusInc.JymUITests;
				PRODUCT_NAME = "$(TARGET_NAME)";
				SWIFT_EMIT_LOC_STRINGS = NO;
				SWIFT_VERSION = 5.0;
				TARGETED_DEVICE_FAMILY = "1,2";
				TEST_TARGET_NAME = Jym;
			};
			name = Release;
		};
/* End XCBuildConfiguration section */

/* Begin XCConfigurationList section */
		F6FED6252A048015001F3B8C /* Build configuration list for PBXProject "Jym" */ = {
			isa = XCConfigurationList;
			buildConfigurations = (
				F6FED6512A04801C001F3B8C /* Debug */,
				F6FED6522A04801C001F3B8C /* Release */,
			);
			defaultConfigurationIsVisible = 0;
			defaultConfigurationName = Release;
		};
		F6FED6532A04801C001F3B8C /* Build configuration list for PBXNativeTarget "Jym" */ = {
			isa = XCConfigurationList;
			buildConfigurations = (
				F6FED6542A04801C001F3B8C /* Debug */,
				F6FED6552A04801C001F3B8C /* Release */,
			);
			defaultConfigurationIsVisible = 0;
			defaultConfigurationName = Release;
		};
		F6FED6562A04801C001F3B8C /* Build configuration list for PBXNativeTarget "JymTests" */ = {
			isa = XCConfigurationList;
			buildConfigurations = (
				F6FED6572A04801C001F3B8C /* Debug */,
				F6FED6582A04801C001F3B8C /* Release */,
			);
			defaultConfigurationIsVisible = 0;
			defaultConfigurationName = Release;
		};
		F6FED6592A04801C001F3B8C /* Build configuration list for PBXNativeTarget "JymUITests" */ = {
			isa = XCConfigurationList;
			buildConfigurations = (
				F6FED65A2A04801C001F3B8C /* Debug */,
				F6FED65B2A04801C001F3B8C /* Release */,
			);
			defaultConfigurationIsVisible = 0;
			defaultConfigurationName = Release;
		};
/* End XCConfigurationList section */

/* Begin XCVersionGroup section */
		F6FED6382A04801C001F3B8C /* Jym.xcdatamodeld */ = {
			isa = XCVersionGroup;
			children = (
				F6FED6392A04801C001F3B8C /* Jym.xcdatamodel */,
			);
			currentVersion = F6FED6392A04801C001F3B8C /* Jym.xcdatamodel */;
			path = Jym.xcdatamodeld;
			sourceTree = "<group>";
			versionGroupType = wrapper.xcdatamodel;
		};
/* End XCVersionGroup section */
	};
	rootObject = F6FED6222A048015001F3B8C /* Project object */;
}
